
Microsoft Visual Studio Solution File, Format Version 12.00
# Visual Studio Version 16
VisualStudioVersion = 16.0.30225.117
MinimumVisualStudioVersion = 15.0.26124.0
Project("{2150E333-8FDC-42A3-9474-1A3956D46DE8}") = "src", "src", "{19E49C8C-E799-48C0-A7EA-B91F40B23973}"
EndProject
Project("{9A19103F-16F7-4668-BE54-9A1E7A4F7556}") = "IdentityServer", "src\IdentityServer\IdentityServer.csproj", "{C1EF0E0B-4A3C-496D-A8EF-508D5AE51C65}"
EndProject
Project("{9A19103F-16F7-4668-BE54-9A1E7A4F7556}") = "AspNet.Security.OAuth.Esia", "AspNet.Security.OAuth.Esia2\AspNet.Security.OAuth.Esia.csproj", "{10ECAC11-2477-4F6C-9438-7C8A934B87D1}"
EndProject
Project("{9A19103F-16F7-4668-BE54-9A1E7A4F7556}") = "FunctionalTests", "tests\FunctionalTests\FunctionalTests.csproj", "{A1AE6654-16B7-482B-B075-815102C1BA14}"
EndProject
Project("{9A19103F-16F7-4668-BE54-9A1E7A4F7556}") = "WebApi", "WebApi\WebApi.csproj", "{46F2366F-C4B7-4CD6-8E73-7D1E45FBB527}"
EndProject
Project("{9A19103F-16F7-4668-BE54-9A1E7A4F7556}") = "Client", "Client\Client.csproj", "{64CAC9C7-ECC7-4E70-A609-94C0EC773446}"
EndProject
Project("{9A19103F-16F7-4668-BE54-9A1E7A4F7556}") = "MVCClient", "src\MVCClient\MVCClient.csproj", "{E56AD66B-8827-4286-AAD8-61A84587B49E}"
EndProject
Project("{FAE04EC0-301F-11D3-BF4B-00C04F79EFBC}") = "JsClient", "src\JsClient\JsClient.csproj", "{9ECEB4EC-71F6-4A6F-AB80-B9D691A6A00F}"
EndProject
Global
	GlobalSection(SolutionConfigurationPlatforms) = preSolution
		Debug|Any CPU = Debug|Any CPU
		Debug|x64 = Debug|x64
		Debug|x86 = Debug|x86
		Release|Any CPU = Release|Any CPU
		Release|x64 = Release|x64
		Release|x86 = Release|x86
	EndGlobalSection
	GlobalSection(ProjectConfigurationPlatforms) = postSolution
		{C1EF0E0B-4A3C-496D-A8EF-508D5AE51C65}.Debug|Any CPU.ActiveCfg = Debug|Any CPU
		{C1EF0E0B-4A3C-496D-A8EF-508D5AE51C65}.Debug|Any CPU.Build.0 = Debug|Any CPU
		{C1EF0E0B-4A3C-496D-A8EF-508D5AE51C65}.Debug|x64.ActiveCfg = Debug|Any CPU
		{C1EF0E0B-4A3C-496D-A8EF-508D5AE51C65}.Debug|x64.Build.0 = Debug|Any CPU
		{C1EF0E0B-4A3C-496D-A8EF-508D5AE51C65}.Debug|x86.ActiveCfg = Debug|Any CPU
		{C1EF0E0B-4A3C-496D-A8EF-508D5AE51C65}.Debug|x86.Build.0 = Debug|Any CPU
		{C1EF0E0B-4A3C-496D-A8EF-508D5AE51C65}.Release|Any CPU.ActiveCfg = Release|Any CPU
		{C1EF0E0B-4A3C-496D-A8EF-508D5AE51C65}.Release|Any CPU.Build.0 = Release|Any CPU
		{C1EF0E0B-4A3C-496D-A8EF-508D5AE51C65}.Release|x64.ActiveCfg = Release|Any CPU
		{C1EF0E0B-4A3C-496D-A8EF-508D5AE51C65}.Release|x64.Build.0 = Release|Any CPU
		{C1EF0E0B-4A3C-496D-A8EF-508D5AE51C65}.Release|x86.ActiveCfg = Release|Any CPU
		{C1EF0E0B-4A3C-496D-A8EF-508D5AE51C65}.Release|x86.Build.0 = Release|Any CPU
		{10ECAC11-2477-4F6C-9438-7C8A934B87D1}.Debug|Any CPU.ActiveCfg = Debug|Any CPU
		{10ECAC11-2477-4F6C-9438-7C8A934B87D1}.Debug|Any CPU.Build.0 = Debug|Any CPU
		{10ECAC11-2477-4F6C-9438-7C8A934B87D1}.Debug|x64.ActiveCfg = Debug|Any CPU
		{10ECAC11-2477-4F6C-9438-7C8A934B87D1}.Debug|x64.Build.0 = Debug|Any CPU
		{10ECAC11-2477-4F6C-9438-7C8A934B87D1}.Debug|x86.ActiveCfg = Debug|Any CPU
		{10ECAC11-2477-4F6C-9438-7C8A934B87D1}.Debug|x86.Build.0 = Debug|Any CPU
		{10ECAC11-2477-4F6C-9438-7C8A934B87D1}.Release|Any CPU.ActiveCfg = Release|Any CPU
		{10ECAC11-2477-4F6C-9438-7C8A934B87D1}.Release|Any CPU.Build.0 = Release|Any CPU
		{10ECAC11-2477-4F6C-9438-7C8A934B87D1}.Release|x64.ActiveCfg = Release|Any CPU
		{10ECAC11-2477-4F6C-9438-7C8A934B87D1}.Release|x64.Build.0 = Release|Any CPU
		{10ECAC11-2477-4F6C-9438-7C8A934B87D1}.Release|x86.ActiveCfg = Release|Any CPU
		{10ECAC11-2477-4F6C-9438-7C8A934B87D1}.Release|x86.Build.0 = Release|Any CPU
		{A1AE6654-16B7-482B-B075-815102C1BA14}.Debug|Any CPU.ActiveCfg = Debug|Any CPU
		{A1AE6654-16B7-482B-B075-815102C1BA14}.Debug|Any CPU.Build.0 = Debug|Any CPU
		{A1AE6654-16B7-482B-B075-815102C1BA14}.Debug|x64.ActiveCfg = Debug|Any CPU
		{A1AE6654-16B7-482B-B075-815102C1BA14}.Debug|x64.Build.0 = Debug|Any CPU
		{A1AE6654-16B7-482B-B075-815102C1BA14}.Debug|x86.ActiveCfg = Debug|Any CPU
		{A1AE6654-16B7-482B-B075-815102C1BA14}.Debug|x86.Build.0 = Debug|Any CPU
		{A1AE6654-16B7-482B-B075-815102C1BA14}.Release|Any CPU.ActiveCfg = Release|Any CPU
		{A1AE6654-16B7-482B-B075-815102C1BA14}.Release|Any CPU.Build.0 = Release|Any CPU
		{A1AE6654-16B7-482B-B075-815102C1BA14}.Release|x64.ActiveCfg = Release|Any CPU
		{A1AE6654-16B7-482B-B075-815102C1BA14}.Release|x64.Build.0 = Release|Any CPU
		{A1AE6654-16B7-482B-B075-815102C1BA14}.Release|x86.ActiveCfg = Release|Any CPU
		{A1AE6654-16B7-482B-B075-815102C1BA14}.Release|x86.Build.0 = Release|Any CPU
		{46F2366F-C4B7-4CD6-8E73-7D1E45FBB527}.Debug|Any CPU.ActiveCfg = Debug|Any CPU
		{46F2366F-C4B7-4CD6-8E73-7D1E45FBB527}.Debug|Any CPU.Build.0 = Debug|Any CPU
		{46F2366F-C4B7-4CD6-8E73-7D1E45FBB527}.Debug|x64.ActiveCfg = Debug|Any CPU
		{46F2366F-C4B7-4CD6-8E73-7D1E45FBB527}.Debug|x64.Build.0 = Debug|Any CPU
		{46F2366F-C4B7-4CD6-8E73-7D1E45FBB527}.Debug|x86.ActiveCfg = Debug|Any CPU
		{46F2366F-C4B7-4CD6-8E73-7D1E45FBB527}.Debug|x86.Build.0 = Debug|Any CPU
		{46F2366F-C4B7-4CD6-8E73-7D1E45FBB527}.Release|Any CPU.ActiveCfg = Release|Any CPU
		{46F2366F-C4B7-4CD6-8E73-7D1E45FBB527}.Release|Any CPU.Build.0 = Release|Any CPU
		{46F2366F-C4B7-4CD6-8E73-7D1E45FBB527}.Release|x64.ActiveCfg = Release|Any CPU
		{46F2366F-C4B7-4CD6-8E73-7D1E45FBB527}.Release|x64.Build.0 = Release|Any CPU
		{46F2366F-C4B7-4CD6-8E73-7D1E45FBB527}.Release|x86.ActiveCfg = Release|Any CPU
		{46F2366F-C4B7-4CD6-8E73-7D1E45FBB527}.Release|x86.Build.0 = Release|Any CPU
		{64CAC9C7-ECC7-4E70-A609-94C0EC773446}.Debug|Any CPU.ActiveCfg = Debug|Any CPU
		{64CAC9C7-ECC7-4E70-A609-94C0EC773446}.Debug|Any CPU.Build.0 = Debug|Any CPU
		{64CAC9C7-ECC7-4E70-A609-94C0EC773446}.Debug|x64.ActiveCfg = Debug|Any CPU
		{64CAC9C7-ECC7-4E70-A609-94C0EC773446}.Debug|x64.Build.0 = Debug|Any CPU
		{64CAC9C7-ECC7-4E70-A609-94C0EC773446}.Debug|x86.ActiveCfg = Debug|Any CPU
		{64CAC9C7-ECC7-4E70-A609-94C0EC773446}.Debug|x86.Build.0 = Debug|Any CPU
		{64CAC9C7-ECC7-4E70-A609-94C0EC773446}.Release|Any CPU.ActiveCfg = Release|Any CPU
		{64CAC9C7-ECC7-4E70-A609-94C0EC773446}.Release|Any CPU.Build.0 = Release|Any CPU
		{64CAC9C7-ECC7-4E70-A609-94C0EC773446}.Release|x64.ActiveCfg = Release|Any CPU
		{64CAC9C7-ECC7-4E70-A609-94C0EC773446}.Release|x64.Build.0 = Release|Any CPU
		{64CAC9C7-ECC7-4E70-A609-94C0EC773446}.Release|x86.ActiveCfg = Release|Any CPU
		{64CAC9C7-ECC7-4E70-A609-94C0EC773446}.Release|x86.Build.0 = Release|Any CPU
		{E56AD66B-8827-4286-AAD8-61A84587B49E}.Debug|Any CPU.ActiveCfg = Debug|Any CPU
		{E56AD66B-8827-4286-AAD8-61A84587B49E}.Debug|Any CPU.Build.0 = Debug|Any CPU
		{E56AD66B-8827-4286-AAD8-61A84587B49E}.Debug|x64.ActiveCfg = Debug|Any CPU
		{E56AD66B-8827-4286-AAD8-61A84587B49E}.Debug|x64.Build.0 = Debug|Any CPU
		{E56AD66B-8827-4286-AAD8-61A84587B49E}.Debug|x86.ActiveCfg = Debug|Any CPU
		{E56AD66B-8827-4286-AAD8-61A84587B49E}.Debug|x86.Build.0 = Debug|Any CPU
		{E56AD66B-8827-4286-AAD8-61A84587B49E}.Release|Any CPU.ActiveCfg = Release|Any CPU
		{E56AD66B-8827-4286-AAD8-61A84587B49E}.Release|Any CPU.Build.0 = Release|Any CPU
		{E56AD66B-8827-4286-AAD8-61A84587B49E}.Release|x64.ActiveCfg = Release|Any CPU
		{E56AD66B-8827-4286-AAD8-61A84587B49E}.Release|x64.Build.0 = Release|Any CPU
		{E56AD66B-8827-4286-AAD8-61A84587B49E}.Release|x86.ActiveCfg = Release|Any CPU
		{E56AD66B-8827-4286-AAD8-61A84587B49E}.Release|x86.Build.0 = Release|Any CPU
		{9ECEB4EC-71F6-4A6F-AB80-B9D691A6A00F}.Debug|Any CPU.ActiveCfg = Debug|Any CPU
		{9ECEB4EC-71F6-4A6F-AB80-B9D691A6A00F}.Debug|Any CPU.Build.0 = Debug|Any CPU
		{9ECEB4EC-71F6-4A6F-AB80-B9D691A6A00F}.Debug|x64.ActiveCfg = Debug|Any CPU
		{9ECEB4EC-71F6-4A6F-AB80-B9D691A6A00F}.Debug|x64.Build.0 = Debug|Any CPU
		{9ECEB4EC-71F6-4A6F-AB80-B9D691A6A00F}.Debug|x86.ActiveCfg = Debug|Any CPU
		{9ECEB4EC-71F6-4A6F-AB80-B9D691A6A00F}.Debug|x86.Build.0 = Debug|Any CPU
		{9ECEB4EC-71F6-4A6F-AB80-B9D691A6A00F}.Release|Any CPU.ActiveCfg = Release|Any CPU
		{9ECEB4EC-71F6-4A6F-AB80-B9D691A6A00F}.Release|Any CPU.Build.0 = Release|Any CPU
		{9ECEB4EC-71F6-4A6F-AB80-B9D691A6A00F}.Release|x64.ActiveCfg = Release|Any CPU
		{9ECEB4EC-71F6-4A6F-AB80-B9D691A6A00F}.Release|x64.Build.0 = Release|Any CPU
		{9ECEB4EC-71F6-4A6F-AB80-B9D691A6A00F}.Release|x86.ActiveCfg = Release|Any CPU
		{9ECEB4EC-71F6-4A6F-AB80-B9D691A6A00F}.Release|x86.Build.0 = Release|Any CPU
	EndGlobalSection
	GlobalSection(SolutionProperties) = preSolution
		HideSolutionNode = FALSE
	EndGlobalSection
	GlobalSection(NestedProjects) = preSolution
		{C1EF0E0B-4A3C-496D-A8EF-508D5AE51C65} = {19E49C8C-E799-48C0-A7EA-B91F40B23973}
		{10ECAC11-2477-4F6C-9438-7C8A934B87D1} = {19E49C8C-E799-48C0-A7EA-B91F40B23973}
		{A1AE6654-16B7-482B-B075-815102C1BA14} = {19E49C8C-E799-48C0-A7EA-B91F40B23973}
		{46F2366F-C4B7-4CD6-8E73-7D1E45FBB527} = {19E49C8C-E799-48C0-A7EA-B91F40B23973}
		{9ECEB4EC-71F6-4A6F-AB80-B9D691A6A00F} = {19E49C8C-E799-48C0-A7EA-B91F40B23973}
	EndGlobalSection
	GlobalSection(ExtensibilityGlobals) = postSolution
		SolutionGuid = {D727828E-4C9F-4A17-8D72-9D17352FEDDD}
	EndGlobalSection
EndGlobal
